// !$*UTF8*$!
{
	archiveVersion = 1;
	classes = {
	};
	objectVersion = 56;
	objects = {

/* Begin PBXBuildFile section */
		05A0335C2C4858BD00DA7B16 /* SetApp.swift in Sources */ = {isa = PBXBuildFile; fileRef = 05A0335B2C4858BD00DA7B16 /* SetApp.swift */; };
		05A0335E2C4858BD00DA7B16 /* SetGameView.swift in Sources */ = {isa = PBXBuildFile; fileRef = 05A0335D2C4858BD00DA7B16 /* SetGameView.swift */; };
		05A033602C4858BE00DA7B16 /* Assets.xcassets in Resources */ = {isa = PBXBuildFile; fileRef = 05A0335F2C4858BE00DA7B16 /* Assets.xcassets */; };
		05A033632C4858BE00DA7B16 /* Preview Assets.xcassets in Resources */ = {isa = PBXBuildFile; fileRef = 05A033622C4858BE00DA7B16 /* Preview Assets.xcassets */; };
		05A0336B2C4858F700DA7B16 /* Card.swift in Sources */ = {isa = PBXBuildFile; fileRef = 05A0336A2C4858F700DA7B16 /* Card.swift */; };
		05A0336D2C48593D00DA7B16 /* Game.swift in Sources */ = {isa = PBXBuildFile; fileRef = 05A0336C2C48593D00DA7B16 /* Game.swift */; };
		05A033712C485D3A00DA7B16 /* setGame.swift in Sources */ = {isa = PBXBuildFile; fileRef = 05A033702C485D3A00DA7B16 /* setGame.swift */; };
		05A033732C48C57B00DA7B16 /* Shapes.swift in Sources */ = {isa = PBXBuildFile; fileRef = 05A033722C48C57B00DA7B16 /* Shapes.swift */; };
		05A033752C48D18400DA7B16 /* CardView.swift in Sources */ = {isa = PBXBuildFile; fileRef = 05A033742C48D18400DA7B16 /* CardView.swift */; };
		05A033772C4A1ACB00DA7B16 /* AspectVGrid.swift in Sources */ = {isa = PBXBuildFile; fileRef = 05A033762C4A1ACB00DA7B16 /* AspectVGrid.swift */; };
		05A033792C4D32AB00DA7B16 /* Score.swift in Sources */ = {isa = PBXBuildFile; fileRef = 05A033782C4D32AB00DA7B16 /* Score.swift */; };
		05A96A942C65C84100A1F527 /* CardInterpreter.swift in Sources */ = {isa = PBXBuildFile; fileRef = 05A96A932C65C84100A1F527 /* CardInterpreter.swift */; };
		05F895122C4D6ED100E4607B /* ScoreInfo.swift in Sources */ = {isa = PBXBuildFile; fileRef = 05F895112C4D6ED100E4607B /* ScoreInfo.swift */; };
		05F895142C4EE4F500E4607B /* WelcomeScreen.swift in Sources */ = {isa = PBXBuildFile; fileRef = 05F895132C4EE4F500E4607B /* WelcomeScreen.swift */; };
		05F895182C4EF43D00E4607B /* BottomView.swift in Sources */ = {isa = PBXBuildFile; fileRef = 05F895172C4EF43D00E4607B /* BottomView.swift */; };
		05F8951A2C4EF47A00E4607B /* TopView.swift in Sources */ = {isa = PBXBuildFile; fileRef = 05F895192C4EF47A00E4607B /* TopView.swift */; };
		05F8951C2C4EF4BD00E4607B /* GameFinishView.swift in Sources */ = {isa = PBXBuildFile; fileRef = 05F8951B2C4EF4BD00E4607B /* GameFinishView.swift */; };
/* End PBXBuildFile section */

/* Begin PBXFileReference section */
		05A033582C4858BD00DA7B16 /* Set.app */ = {isa = PBXFileReference; explicitFileType = wrapper.application; includeInIndex = 0; path = Set.app; sourceTree = BUILT_PRODUCTS_DIR; };
		05A0335B2C4858BD00DA7B16 /* SetApp.swift */ = {isa = PBXFileReference; lastKnownFileType = sourcecode.swift; path = SetApp.swift; sourceTree = "<group>"; };
		05A0335D2C4858BD00DA7B16 /* SetGameView.swift */ = {isa = PBXFileReference; lastKnownFileType = sourcecode.swift; path = SetGameView.swift; sourceTree = "<group>"; };
		05A0335F2C4858BE00DA7B16 /* Assets.xcassets */ = {isa = PBXFileReference; lastKnownFileType = folder.assetcatalog; path = Assets.xcassets; sourceTree = "<group>"; };
		05A033622C4858BE00DA7B16 /* Preview Assets.xcassets */ = {isa = PBXFileReference; lastKnownFileType = folder.assetcatalog; path = "Preview Assets.xcassets"; sourceTree = "<group>"; };
		05A0336A2C4858F700DA7B16 /* Card.swift */ = {isa = PBXFileReference; lastKnownFileType = sourcecode.swift; path = Card.swift; sourceTree = "<group>"; };
		05A0336C2C48593D00DA7B16 /* Game.swift */ = {isa = PBXFileReference; lastKnownFileType = sourcecode.swift; path = Game.swift; sourceTree = "<group>"; };
		05A033702C485D3A00DA7B16 /* setGame.swift */ = {isa = PBXFileReference; lastKnownFileType = sourcecode.swift; path = setGame.swift; sourceTree = "<group>"; };
		05A033722C48C57B00DA7B16 /* Shapes.swift */ = {isa = PBXFileReference; lastKnownFileType = sourcecode.swift; path = Shapes.swift; sourceTree = "<group>"; };
		05A033742C48D18400DA7B16 /* CardView.swift */ = {isa = PBXFileReference; lastKnownFileType = sourcecode.swift; path = CardView.swift; sourceTree = "<group>"; };
		05A033762C4A1ACB00DA7B16 /* AspectVGrid.swift */ = {isa = PBXFileReference; lastKnownFileType = sourcecode.swift; path = AspectVGrid.swift; sourceTree = "<group>"; };
		05A033782C4D32AB00DA7B16 /* Score.swift */ = {isa = PBXFileReference; lastKnownFileType = sourcecode.swift; path = Score.swift; sourceTree = "<group>"; };
		05A96A932C65C84100A1F527 /* CardInterpreter.swift */ = {isa = PBXFileReference; lastKnownFileType = sourcecode.swift; path = CardInterpreter.swift; sourceTree = "<group>"; };
		05F895112C4D6ED100E4607B /* ScoreInfo.swift */ = {isa = PBXFileReference; lastKnownFileType = sourcecode.swift; path = ScoreInfo.swift; sourceTree = "<group>"; };
		05F895132C4EE4F500E4607B /* WelcomeScreen.swift */ = {isa = PBXFileReference; lastKnownFileType = sourcecode.swift; path = WelcomeScreen.swift; sourceTree = "<group>"; };
		05F895172C4EF43D00E4607B /* BottomView.swift */ = {isa = PBXFileReference; lastKnownFileType = sourcecode.swift; path = BottomView.swift; sourceTree = "<group>"; };
		05F895192C4EF47A00E4607B /* TopView.swift */ = {isa = PBXFileReference; lastKnownFileType = sourcecode.swift; path = TopView.swift; sourceTree = "<group>"; };
		05F8951B2C4EF4BD00E4607B /* GameFinishView.swift */ = {isa = PBXFileReference; lastKnownFileType = sourcecode.swift; path = GameFinishView.swift; sourceTree = "<group>"; };
/* End PBXFileReference section */

/* Begin PBXFrameworksBuildPhase section */
		05A033552C4858BD00DA7B16 /* Frameworks */ = {
			isa = PBXFrameworksBuildPhase;
			buildActionMask = 2147483647;
			files = (
			);
			runOnlyForDeploymentPostprocessing = 0;
		};
/* End PBXFrameworksBuildPhase section */

/* Begin PBXGroup section */
		05A0334F2C4858BD00DA7B16 = {
			isa = PBXGroup;
			children = (
				05A0335A2C4858BD00DA7B16 /* Set */,
				05A033592C4858BD00DA7B16 /* Products */,
			);
			sourceTree = "<group>";
		};
		05A033592C4858BD00DA7B16 /* Products */ = {
			isa = PBXGroup;
			children = (
				05A033582C4858BD00DA7B16 /* Set.app */,
			);
			name = Products;
			sourceTree = "<group>";
		};
		05A0335A2C4858BD00DA7B16 /* Set */ = {
			isa = PBXGroup;
			children = (
				05A0336F2C4859D900DA7B16 /* View */,
				05A0336E2C4859C200DA7B16 /* ModelView */,
				05A033692C4858DE00DA7B16 /* ModelFiles */,
				05A0335B2C4858BD00DA7B16 /* SetApp.swift */,
				05A0335F2C4858BE00DA7B16 /* Assets.xcassets */,
				05A033612C4858BE00DA7B16 /* Preview Content */,
			);
			path = Set;
			sourceTree = "<group>";
		};
		05A033612C4858BE00DA7B16 /* Preview Content */ = {
			isa = PBXGroup;
			children = (
				05A033622C4858BE00DA7B16 /* Preview Assets.xcassets */,
			);
			path = "Preview Content";
			sourceTree = "<group>";
		};
		05A033692C4858DE00DA7B16 /* ModelFiles */ = {
			isa = PBXGroup;
			children = (
				05A0336A2C4858F700DA7B16 /* Card.swift */,
				05A033782C4D32AB00DA7B16 /* Score.swift */,
				05A0336C2C48593D00DA7B16 /* Game.swift */,
			);
			path = ModelFiles;
			sourceTree = "<group>";
		};
		05A0336E2C4859C200DA7B16 /* ModelView */ = {
			isa = PBXGroup;
			children = (
				05A033702C485D3A00DA7B16 /* setGame.swift */,
				05A96A932C65C84100A1F527 /* CardInterpreter.swift */,
			);
			path = ModelView;
			sourceTree = "<group>";
		};
		05A0336F2C4859D900DA7B16 /* View */ = {
			isa = PBXGroup;
			children = (
				05A0335D2C4858BD00DA7B16 /* SetGameView.swift */,
				05A033722C48C57B00DA7B16 /* Shapes.swift */,
				05A033742C48D18400DA7B16 /* CardView.swift */,
				05A033762C4A1ACB00DA7B16 /* AspectVGrid.swift */,
				05F895112C4D6ED100E4607B /* ScoreInfo.swift */,
				05F895132C4EE4F500E4607B /* WelcomeScreen.swift */,
				05F895172C4EF43D00E4607B /* BottomView.swift */,
				05F895192C4EF47A00E4607B /* TopView.swift */,
				05F8951B2C4EF4BD00E4607B /* GameFinishView.swift */,
			);
			path = View;
			sourceTree = "<group>";
		};
/* End PBXGroup section */

/* Begin PBXNativeTarget section */
		05A033572C4858BD00DA7B16 /* Set */ = {
			isa = PBXNativeTarget;
			buildConfigurationList = 05A033662C4858BE00DA7B16 /* Build configuration list for PBXNativeTarget "Set" */;
			buildPhases = (
				05A033542C4858BD00DA7B16 /* Sources */,
				05A033552C4858BD00DA7B16 /* Frameworks */,
				05A033562C4858BD00DA7B16 /* Resources */,
			);
			buildRules = (
			);
			dependencies = (
			);
			name = Set;
			productName = Set;
			productReference = 05A033582C4858BD00DA7B16 /* Set.app */;
			productType = "com.apple.product-type.application";
		};
/* End PBXNativeTarget section */

/* Begin PBXProject section */
		05A033502C4858BD00DA7B16 /* Project object */ = {
			isa = PBXProject;
			attributes = {
				BuildIndependentTargetsInParallel = 1;
				LastSwiftUpdateCheck = 1540;
				LastUpgradeCheck = 1540;
				TargetAttributes = {
					05A033572C4858BD00DA7B16 = {
						CreatedOnToolsVersion = 15.4;
					};
				};
			};
			buildConfigurationList = 05A033532C4858BD00DA7B16 /* Build configuration list for PBXProject "Set" */;
			compatibilityVersion = "Xcode 14.0";
			developmentRegion = en;
			hasScannedForEncodings = 0;
			knownRegions = (
				en,
				Base,
			);
			mainGroup = 05A0334F2C4858BD00DA7B16;
			productRefGroup = 05A033592C4858BD00DA7B16 /* Products */;
			projectDirPath = "";
			projectRoot = "";
			targets = (
				05A033572C4858BD00DA7B16 /* Set */,
			);
		};
/* End PBXProject section */

/* Begin PBXResourcesBuildPhase section */
		05A033562C4858BD00DA7B16 /* Resources */ = {
			isa = PBXResourcesBuildPhase;
			buildActionMask = 2147483647;
			files = (
				05A033632C4858BE00DA7B16 /* Preview Assets.xcassets in Resources */,
				05A033602C4858BE00DA7B16 /* Assets.xcassets in Resources */,
			);
			runOnlyForDeploymentPostprocessing = 0;
		};
/* End PBXResourcesBuildPhase section */

/* Begin PBXSourcesBuildPhase section */
		05A033542C4858BD00DA7B16 /* Sources */ = {
			isa = PBXSourcesBuildPhase;
			buildActionMask = 2147483647;
			files = (
				05F8951A2C4EF47A00E4607B /* TopView.swift in Sources */,
				05F895122C4D6ED100E4607B /* ScoreInfo.swift in Sources */,
				05A033772C4A1ACB00DA7B16 /* AspectVGrid.swift in Sources */,
				05A033752C48D18400DA7B16 /* CardView.swift in Sources */,
				05F895182C4EF43D00E4607B /* BottomView.swift in Sources */,
				05A96A942C65C84100A1F527 /* CardInterpreter.swift in Sources */,
				05A0335E2C4858BD00DA7B16 /* SetGameView.swift in Sources */,
				05A0336B2C4858F700DA7B16 /* Card.swift in Sources */,
				05A0335C2C4858BD00DA7B16 /* SetApp.swift in Sources */,
				05A033732C48C57B00DA7B16 /* Shapes.swift in Sources */,
				05F895142C4EE4F500E4607B /* WelcomeScreen.swift in Sources */,
				05A0336D2C48593D00DA7B16 /* Game.swift in Sources */,
				05A033792C4D32AB00DA7B16 /* Score.swift in Sources */,
				05A033712C485D3A00DA7B16 /* setGame.swift in Sources */,
				05F8951C2C4EF4BD00E4607B /* GameFinishView.swift in Sources */,
			);
			runOnlyForDeploymentPostprocessing = 0;
		};
/* End PBXSourcesBuildPhase section */

/* Begin XCBuildConfiguration section */
		05A033642C4858BE00DA7B16 /* Debug */ = {
			isa = XCBuildConfiguration;
			buildSettings = {
				ALWAYS_SEARCH_USER_PATHS = NO;
				ASSETCATALOG_COMPILER_GENERATE_SWIFT_ASSET_SYMBOL_EXTENSIONS = YES;
				CLANG_ANALYZER_NONNULL = YES;
				CLANG_ANALYZER_NUMBER_OBJECT_CONVERSION = YES_AGGRESSIVE;
				CLANG_CXX_LANGUAGE_STANDARD = "gnu++20";
				CLANG_ENABLE_MODULES = YES;
				CLANG_ENABLE_OBJC_ARC = YES;
				CLANG_ENABLE_OBJC_WEAK = YES;
				CLANG_WARN_BLOCK_CAPTURE_AUTORELEASING = YES;
				CLANG_WARN_BOOL_CONVERSION = YES;
				CLANG_WARN_COMMA = YES;
				CLANG_WARN_CONSTANT_CONVERSION = YES;
				CLANG_WARN_DEPRECATED_OBJC_IMPLEMENTATIONS = YES;
				CLANG_WARN_DIRECT_OBJC_ISA_USAGE = YES_ERROR;
				CLANG_WARN_DOCUMENTATION_COMMENTS = YES;
				CLANG_WARN_EMPTY_BODY = YES;
				CLANG_WARN_ENUM_CONVERSION = YES;
				CLANG_WARN_INFINITE_RECURSION = YES;
				CLANG_WARN_INT_CONVERSION = YES;
				CLANG_WARN_NON_LITERAL_NULL_CONVERSION = YES;
				CLANG_WARN_OBJC_IMPLICIT_RETAIN_SELF = YES;
				CLANG_WARN_OBJC_LITERAL_CONVERSION = YES;
				CLANG_WARN_OBJC_ROOT_CLASS = YES_ERROR;
				CLANG_WARN_QUOTED_INCLUDE_IN_FRAMEWORK_HEADER = YES;
				CLANG_WARN_RANGE_LOOP_ANALYSIS = YES;
				CLANG_WARN_STRICT_PROTOTYPES = YES;
				CLANG_WARN_SUSPICIOUS_MOVE = YES;
				CLANG_WARN_UNGUARDED_AVAILABILITY = YES_AGGRESSIVE;
				CLANG_WARN_UNREACHABLE_CODE = YES;
				CLANG_WARN__DUPLICATE_METHOD_MATCH = YES;
				COPY_PHASE_STRIP = NO;
				DEBUG_INFORMATION_FORMAT = dwarf;
				ENABLE_STRICT_OBJC_MSGSEND = YES;
				ENABLE_TESTABILITY = YES;
				ENABLE_USER_SCRIPT_SANDBOXING = YES;
				GCC_C_LANGUAGE_STANDARD = gnu17;
				GCC_DYNAMIC_NO_PIC = NO;
				GCC_NO_COMMON_BLOCKS = YES;
				GCC_OPTIMIZATION_LEVEL = 0;
				GCC_PREPROCESSOR_DEFINITIONS = (
					"DEBUG=1",
					"$(inherited)",
				);
				GCC_WARN_64_TO_32_BIT_CONVERSION = YES;
				GCC_WARN_ABOUT_RETURN_TYPE = YES_ERROR;
				GCC_WARN_UNDECLARED_SELECTOR = YES;
				GCC_WARN_UNINITIALIZED_AUTOS = YES_AGGRESSIVE;
				GCC_WARN_UNUSED_FUNCTION = YES;
				GCC_WARN_UNUSED_VARIABLE = YES;
				IPHONEOS_DEPLOYMENT_TARGET = 17.5;
				LOCALIZATION_PREFERS_STRING_CATALOGS = YES;
				MTL_ENABLE_DEBUG_INFO = INCLUDE_SOURCE;
				MTL_FAST_MATH = YES;
				ONLY_ACTIVE_ARCH = YES;
				SDKROOT = iphoneos;
				SWIFT_ACTIVE_COMPILATION_CONDITIONS = "DEBUG $(inherited)";
				SWIFT_OPTIMIZATION_LEVEL = "-Onone";
			};
			name = Debug;
		};
		05A033652C4858BE00DA7B16 /* Release */ = {
			isa = XCBuildConfiguration;
			buildSettings = {
				ALWAYS_SEARCH_USER_PATHS = NO;
				ASSETCATALOG_COMPILER_GENERATE_SWIFT_ASSET_SYMBOL_EXTENSIONS = YES;
				CLANG_ANALYZER_NONNULL = YES;
				CLANG_ANALYZER_NUMBER_OBJECT_CONVERSION = YES_AGGRESSIVE;
				CLANG_CXX_LANGUAGE_STANDARD = "gnu++20";
				CLANG_ENABLE_MODULES = YES;
				CLANG_ENABLE_OBJC_ARC = YES;
				CLANG_ENABLE_OBJC_WEAK = YES;
				CLANG_WARN_BLOCK_CAPTURE_AUTORELEASING = YES;
				CLANG_WARN_BOOL_CONVERSION = YES;
				CLANG_WARN_COMMA = YES;
				CLANG_WARN_CONSTANT_CONVERSION = YES;
				CLANG_WARN_DEPRECATED_OBJC_IMPLEMENTATIONS = YES;
				CLANG_WARN_DIRECT_OBJC_ISA_USAGE = YES_ERROR;
				CLANG_WARN_DOCUMENTATION_COMMENTS = YES;
				CLANG_WARN_EMPTY_BODY = YES;
				CLANG_WARN_ENUM_CONVERSION = YES;
				CLANG_WARN_INFINITE_RECURSION = YES;
				CLANG_WARN_INT_CONVERSION = YES;
				CLANG_WARN_NON_LITERAL_NULL_CONVERSION = YES;
				CLANG_WARN_OBJC_IMPLICIT_RETAIN_SELF = YES;
				CLANG_WARN_OBJC_LITERAL_CONVERSION = YES;
				CLANG_WARN_OBJC_ROOT_CLASS = YES_ERROR;
				CLANG_WARN_QUOTED_INCLUDE_IN_FRAMEWORK_HEADER = YES;
				CLANG_WARN_RANGE_LOOP_ANALYSIS = YES;
				CLANG_WARN_STRICT_PROTOTYPES = YES;
				CLANG_WARN_SUSPICIOUS_MOVE = YES;
				CLANG_WARN_UNGUARDED_AVAILABILITY = YES_AGGRESSIVE;
				CLANG_WARN_UNREACHABLE_CODE = YES;
				CLANG_WARN__DUPLICATE_METHOD_MATCH = YES;
				COPY_PHASE_STRIP = NO;
				DEBUG_INFORMATION_FORMAT = "dwarf-with-dsym";
				ENABLE_NS_ASSERTIONS = NO;
				ENABLE_STRICT_OBJC_MSGSEND = YES;
				ENABLE_USER_SCRIPT_SANDBOXING = YES;
				GCC_C_LANGUAGE_STANDARD = gnu17;
				GCC_NO_COMMON_BLOCKS = YES;
				GCC_WARN_64_TO_32_BIT_CONVERSION = YES;
				GCC_WARN_ABOUT_RETURN_TYPE = YES_ERROR;
				GCC_WARN_UNDECLARED_SELECTOR = YES;
				GCC_WARN_UNINITIALIZED_AUTOS = YES_AGGRESSIVE;
				GCC_WARN_UNUSED_FUNCTION = YES;
				GCC_WARN_UNUSED_VARIABLE = YES;
				IPHONEOS_DEPLOYMENT_TARGET = 17.5;
				LOCALIZATION_PREFERS_STRING_CATALOGS = YES;
				MTL_ENABLE_DEBUG_INFO = NO;
				MTL_FAST_MATH = YES;
				SDKROOT = iphoneos;
				SWIFT_COMPILATION_MODE = wholemodule;
				VALIDATE_PRODUCT = YES;
			};
			name = Release;
		};
		05A033672C4858BE00DA7B16 /* Debug */ = {
			isa = XCBuildConfiguration;
			buildSettings = {
				ASSETCATALOG_COMPILER_APPICON_NAME = AppIcon;
				ASSETCATALOG_COMPILER_GLOBAL_ACCENT_COLOR_NAME = AccentColor;
				CODE_SIGN_STYLE = Automatic;
				CURRENT_PROJECT_VERSION = 1;
				DEVELOPMENT_ASSET_PATHS = "\"Set/Preview Content\"";
				DEVELOPMENT_TEAM = GYVX6RY9MU;
				ENABLE_PREVIEWS = YES;
				GENERATE_INFOPLIST_FILE = YES;
				INFOPLIST_KEY_UIApplicationSceneManifest_Generation = YES;
				INFOPLIST_KEY_UIApplicationSupportsIndirectInputEvents = YES;
				INFOPLIST_KEY_UILaunchScreen_Generation = YES;
				INFOPLIST_KEY_UISupportedInterfaceOrientations_iPad = "UIInterfaceOrientationPortrait UIInterfaceOrientationPortraitUpsideDown UIInterfaceOrientationLandscapeLeft UIInterfaceOrientationLandscapeRight";
				INFOPLIST_KEY_UISupportedInterfaceOrientations_iPhone = "UIInterfaceOrientationPortrait UIInterfaceOrientationLandscapeLeft UIInterfaceOrientationLandscapeRight";
				LD_RUNPATH_SEARCH_PATHS = (
					"$(inherited)",
					"@executable_path/Frameworks",
				);
				MARKETING_VERSION = 1.0;
				PRODUCT_BUNDLE_IDENTIFIER = com.ahmed.myfirstapp.Set;
				PRODUCT_NAME = "$(TARGET_NAME)";
				SWIFT_EMIT_LOC_STRINGS = YES;
				SWIFT_VERSION = 5.0;
				TARGETED_DEVICE_FAMILY = "1,2";
			};
			name = Debug;
		};
		05A033682C4858BE00DA7B16 /* Release */ = {
			isa = XCBuildConfiguration;
			buildSettings = {
				ASSETCATALOG_COMPILER_APPICON_NAME = AppIcon;
				ASSETCATALOG_COMPILER_GLOBAL_ACCENT_COLOR_NAME = AccentColor;
				CODE_SIGN_STYLE = Automatic;
				CURRENT_PROJECT_VERSION = 1;
				DEVELOPMENT_ASSET_PATHS = "\"Set/Preview Content\"";
				DEVELOPMENT_TEAM = GYVX6RY9MU;
				ENABLE_PREVIEWS = YES;
				GENERATE_INFOPLIST_FILE = YES;
				INFOPLIST_KEY_UIApplicationSceneManifest_Generation = YES;
				INFOPLIST_KEY_UIApplicationSupportsIndirectInputEvents = YES;
				INFOPLIST_KEY_UILaunchScreen_Generation = YES;
				INFOPLIST_KEY_UISupportedInterfaceOrientations_iPad = "UIInterfaceOrientationPortrait UIInterfaceOrientationPortraitUpsideDown UIInterfaceOrientationLandscapeLeft UIInterfaceOrientationLandscapeRight";
				INFOPLIST_KEY_UISupportedInterfaceOrientations_iPhone = "UIInterfaceOrientationPortrait UIInterfaceOrientationLandscapeLeft UIInterfaceOrientationLandscapeRight";
				LD_RUNPATH_SEARCH_PATHS = (
					"$(inherited)",
					"@executable_path/Frameworks",
				);
				MARKETING_VERSION = 1.0;
				PRODUCT_BUNDLE_IDENTIFIER = com.ahmed.myfirstapp.Set;
				PRODUCT_NAME = "$(TARGET_NAME)";
				SWIFT_EMIT_LOC_STRINGS = YES;
				SWIFT_VERSION = 5.0;
				TARGETED_DEVICE_FAMILY = "1,2";
			};
			name = Release;
		};
/* End XCBuildConfiguration section */

/* Begin XCConfigurationList section */
		05A033532C4858BD00DA7B16 /* Build configuration list for PBXProject "Set" */ = {
			isa = XCConfigurationList;
			buildConfigurations = (
				05A033642C4858BE00DA7B16 /* Debug */,
				05A033652C4858BE00DA7B16 /* Release */,
			);
			defaultConfigurationIsVisible = 0;
			defaultConfigurationName = Release;
		};
		05A033662C4858BE00DA7B16 /* Build configuration list for PBXNativeTarget "Set" */ = {
			isa = XCConfigurationList;
			buildConfigurations = (
				05A033672C4858BE00DA7B16 /* Debug */,
				05A033682C4858BE00DA7B16 /* Release */,
			);
			defaultConfigurationIsVisible = 0;
			defaultConfigurationName = Release;
		};
/* End XCConfigurationList section */
	};
	rootObject = 05A033502C4858BD00DA7B16 /* Project object */;
}
